
Microsoft Visual Studio Solution File, Format Version 12.00
# Visual Studio 15
VisualStudioVersion = 15.0.28307.902
MinimumVisualStudioVersion = 10.0.40219.1
Project("{FAE04EC0-301F-11D3-BF4B-00C04F79EFBC}") = "Vsproject1", "Vsproject1\Vsproject1.csproj", "{42793BAF-8153-45C5-B750-8C09E0D6C426}"
EndProject
Global
	GlobalSection(SolutionConfigurationPlatforms) = preSolution
		Debug|Any CPU = Debug|Any CPU
		Release|Any CPU = Release|Any CPU
	EndGlobalSection
	GlobalSection(ProjectConfigurationPlatforms) = postSolution
		{42793BAF-8153-45C5-B750-8C09E0D6C426}.Debug|Any CPU.ActiveCfg = Debug|Any CPU
		{42793BAF-8153-45C5-B750-8C09E0D6C426}.Debug|Any CPU.Build.0 = Debug|Any CPU
		{42793BAF-8153-45C5-B750-8C09E0D6C426}.Release|Any CPU.ActiveCfg = Release|Any CPU
		{42793BAF-8153-45C5-B750-8C09E0D6C426}.Release|Any CPU.Build.0 = Release|Any CPU
	EndGlobalSection
	GlobalSection(SolutionProperties) = preSolution
		HideSolutionNode = FALSE
	EndGlobalSection
	GlobalSection(ExtensibilityGlobals) = postSolution
		SolutionGuid = {8406364E-767E-4689-9AF4-5A72EC4AA850}
	EndGlobalSection
EndGlobal
